// !$*UTF8*$!
{
	archiveVersion = 1;
	classes = {
	};
	objectVersion = 46;
	objects = {

/* Begin PBXBuildFile section */
		902C4FDE141FC5EC0033909D /* UIKit.framework in Frameworks */ = {isa = PBXBuildFile; fileRef = 902C4FDD141FC5EC0033909D /* UIKit.framework */; };
		902C4FE0141FC5EC0033909D /* Foundation.framework in Frameworks */ = {isa = PBXBuildFile; fileRef = 902C4FDF141FC5EC0033909D /* Foundation.framework */; };
		902C4FE2141FC5EC0033909D /* CoreGraphics.framework in Frameworks */ = {isa = PBXBuildFile; fileRef = 902C4FE1141FC5EC0033909D /* CoreGraphics.framework */; };
		902C4FE8141FC5EC0033909D /* InfoPlist.strings in Resources */ = {isa = PBXBuildFile; fileRef = 902C4FE6141FC5EC0033909D /* InfoPlist.strings */; };
		902C4FEA141FC5EC0033909D /* main.m in Sources */ = {isa = PBXBuildFile; fileRef = 902C4FE9141FC5EC0033909D /* main.m */; };
		902C4FEE141FC5EC0033909D /* MailAppDelegate.m in Sources */ = {isa = PBXBuildFile; fileRef = 902C4FED141FC5EC0033909D /* MailAppDelegate.m */; };
		902C4FF1141FC5EC0033909D /* MainWindow.xib in Resources */ = {isa = PBXBuildFile; fileRef = 902C4FEF141FC5EC0033909D /* MainWindow.xib */; };
		902C4FF4141FC5EC0033909D /* MailViewController.m in Sources */ = {isa = PBXBuildFile; fileRef = 902C4FF3141FC5EC0033909D /* MailViewController.m */; };
		902C4FF7141FC5EC0033909D /* MailViewController.xib in Resources */ = {isa = PBXBuildFile; fileRef = 902C4FF5141FC5EC0033909D /* MailViewController.xib */; };
		902C4FFF141FC5EC0033909D /* SenTestingKit.framework in Frameworks */ = {isa = PBXBuildFile; fileRef = 902C4FFE141FC5EC0033909D /* SenTestingKit.framework */; };
		902C5000141FC5EC0033909D /* UIKit.framework in Frameworks */ = {isa = PBXBuildFile; fileRef = 902C4FDD141FC5EC0033909D /* UIKit.framework */; };
		902C5001141FC5EC0033909D /* Foundation.framework in Frameworks */ = {isa = PBXBuildFile; fileRef = 902C4FDF141FC5EC0033909D /* Foundation.framework */; };
		902C5002141FC5EC0033909D /* CoreGraphics.framework in Frameworks */ = {isa = PBXBuildFile; fileRef = 902C4FE1141FC5EC0033909D /* CoreGraphics.framework */; };
		902C500A141FC5EC0033909D /* InfoPlist.strings in Resources */ = {isa = PBXBuildFile; fileRef = 902C5008141FC5EC0033909D /* InfoPlist.strings */; };
		902C500C141FC5EC0033909D /* MailTests.h in Resources */ = {isa = PBXBuildFile; fileRef = 902C500B141FC5EC0033909D /* MailTests.h */; };
		902C500E141FC5EC0033909D /* MailTests.m in Sources */ = {isa = PBXBuildFile; fileRef = 902C500D141FC5EC0033909D /* MailTests.m */; };
/* End PBXBuildFile section */

/* Begin PBXContainerItemProxy section */
		902C5003141FC5EC0033909D /* PBXContainerItemProxy */ = {
			isa = PBXContainerItemProxy;
			containerPortal = 902C4FD0141FC5EB0033909D /* Project object */;
			proxyType = 1;
			remoteGlobalIDString = 902C4FD8141FC5EC0033909D;
			remoteInfo = Mail;
		};
/* End PBXContainerItemProxy section */

/* Begin PBXFileReference section */
		902C4FD9141FC5EC0033909D /* Mail.app */ = {isa = PBXFileReference; explicitFileType = wrapper.application; includeInIndex = 0; path = Mail.app; sourceTree = BUILT_PRODUCTS_DIR; };
		902C4FDD141FC5EC0033909D /* UIKit.framework */ = {isa = PBXFileReference; lastKnownFileType = wrapper.framework; name = UIKit.framework; path = System/Library/Frameworks/UIKit.framework; sourceTree = SDKROOT; };
		902C4FDF141FC5EC0033909D /* Foundation.framework */ = {isa = PBXFileReference; lastKnownFileType = wrapper.framework; name = Foundation.framework; path = System/Library/Frameworks/Foundation.framework; sourceTree = SDKROOT; };
		902C4FE1141FC5EC0033909D /* CoreGraphics.framework */ = {isa = PBXFileReference; lastKnownFileType = wrapper.framework; name = CoreGraphics.framework; path = System/Library/Frameworks/CoreGraphics.framework; sourceTree = SDKROOT; };
		902C4FE5141FC5EC0033909D /* Mail-Info.plist */ = {isa = PBXFileReference; path = "Mail-Info.plist"; sourceTree = "<group>"; };
		902C4FE7141FC5EC0033909D /* en */ = {isa = PBXFileReference; lastKnownFileType = text.plist.strings; name = en; path = en.lproj/InfoPlist.strings; sourceTree = "<group>"; };
		902C4FE9141FC5EC0033909D /* main.m */ = {isa = PBXFileReference; lastKnownFileType = sourcecode.c.objc; path = main.m; sourceTree = "<group>"; };
		902C4FEB141FC5EC0033909D /* Mail-Prefix.pch */ = {isa = PBXFileReference; path = "Mail-Prefix.pch"; sourceTree = "<group>"; };
		902C4FEC141FC5EC0033909D /* MailAppDelegate.h */ = {isa = PBXFileReference; path = MailAppDelegate.h; sourceTree = "<group>"; };
		902C4FED141FC5EC0033909D /* MailAppDelegate.m */ = {isa = PBXFileReference; lastKnownFileType = sourcecode.c.objc; path = MailAppDelegate.m; sourceTree = "<group>"; };
		902C4FF0141FC5EC0033909D /* en */ = {isa = PBXFileReference; lastKnownFileType = file.xib; name = en; path = en.lproj/MainWindow.xib; sourceTree = "<group>"; };
		902C4FF2141FC5EC0033909D /* MailViewController.h */ = {isa = PBXFileReference; path = MailViewController.h; sourceTree = "<group>"; };
		902C4FF3141FC5EC0033909D /* MailViewController.m */ = {isa = PBXFileReference; lastKnownFileType = sourcecode.c.objc; path = MailViewController.m; sourceTree = "<group>"; };
		902C4FF6141FC5EC0033909D /* en */ = {isa = PBXFileReference; lastKnownFileType = file.xib; name = en; path = en.lproj/MailViewController.xib; sourceTree = "<group>"; };
		902C4FFD141FC5EC0033909D /* MailTests.octest */ = {isa = PBXFileReference; explicitFileType = wrapper.cfbundle; includeInIndex = 0; path = MailTests.octest; sourceTree = BUILT_PRODUCTS_DIR; };
		902C4FFE141FC5EC0033909D /* SenTestingKit.framework */ = {isa = PBXFileReference; lastKnownFileType = wrapper.framework; name = SenTestingKit.framework; path = Library/Frameworks/SenTestingKit.framework; sourceTree = DEVELOPER_DIR; };
		902C5007141FC5EC0033909D /* MailTests-Info.plist */ = {isa = PBXFileReference; path = "MailTests-Info.plist"; sourceTree = "<group>"; };
		902C5009141FC5EC0033909D /* en */ = {isa = PBXFileReference; lastKnownFileType = text.plist.strings; name = en; path = en.lproj/InfoPlist.strings; sourceTree = "<group>"; };
		902C500B141FC5EC0033909D /* MailTests.h */ = {isa = PBXFileReference; lastKnownFileType = sourcecode.c.h; path = MailTests.h; sourceTree = "<group>"; };
		902C500D141FC5EC0033909D /* MailTests.m */ = {isa = PBXFileReference; lastKnownFileType = sourcecode.c.objc; path = MailTests.m; sourceTree = "<group>"; };
/* End PBXFileReference section */

/* Begin PBXFrameworksBuildPhase section */
		902C4FD6141FC5EC0033909D /* Frameworks */ = {
			isa = PBXFrameworksBuildPhase;
			buildActionMask = 2147483647;
			files = (
				902C4FDE141FC5EC0033909D /* UIKit.framework in Frameworks */,
				902C4FE0141FC5EC0033909D /* Foundation.framework in Frameworks */,
				902C4FE2141FC5EC0033909D /* CoreGraphics.framework in Frameworks */,
			);
			runOnlyForDeploymentPostprocessing = 0;
		};
		902C4FF9141FC5EC0033909D /* Frameworks */ = {
			isa = PBXFrameworksBuildPhase;
			buildActionMask = 2147483647;
			files = (
				902C4FFF141FC5EC0033909D /* SenTestingKit.framework in Frameworks */,
				902C5000141FC5EC0033909D /* UIKit.framework in Frameworks */,
				902C5001141FC5EC0033909D /* Foundation.framework in Frameworks */,
				902C5002141FC5EC0033909D /* CoreGraphics.framework in Frameworks */,
			);
			runOnlyForDeploymentPostprocessing = 0;
		};
/* End PBXFrameworksBuildPhase section */

/* Begin PBXGroup section */
		902C4FCE141FC5EB0033909D = {
			isa = PBXGroup;
			children = (
				902C4FE3141FC5EC0033909D /* Mail */,
				902C5005141FC5EC0033909D /* MailTests */,
				902C4FDC141FC5EC0033909D /* Frameworks */,
				902C4FDA141FC5EC0033909D /* Products */,
			);
			sourceTree = "<group>";
		};
		902C4FDA141FC5EC0033909D /* Products */ = {
			isa = PBXGroup;
			children = (
				902C4FD9141FC5EC0033909D /* Mail.app */,
				902C4FFD141FC5EC0033909D /* MailTests.octest */,
			);
			name = Products;
			sourceTree = "<group>";
		};
		902C4FDC141FC5EC0033909D /* Frameworks */ = {
			isa = PBXGroup;
			children = (
				902C4FDD141FC5EC0033909D /* UIKit.framework */,
				902C4FDF141FC5EC0033909D /* Foundation.framework */,
				902C4FE1141FC5EC0033909D /* CoreGraphics.framework */,
				902C4FFE141FC5EC0033909D /* SenTestingKit.framework */,
			);
			name = Frameworks;
			sourceTree = "<group>";
		};
		902C4FE3141FC5EC0033909D /* Mail */ = {
			isa = PBXGroup;
			children = (
				902C4FEC141FC5EC0033909D /* MailAppDelegate.h */,
				902C4FED141FC5EC0033909D /* MailAppDelegate.m */,
				902C4FEF141FC5EC0033909D /* MainWindow.xib */,
				902C4FF2141FC5EC0033909D /* MailViewController.h */,
				902C4FF3141FC5EC0033909D /* MailViewController.m */,
				902C4FF5141FC5EC0033909D /* MailViewController.xib */,
				902C4FE4141FC5EC0033909D /* Supporting Files */,
			);
			path = Mail;
			sourceTree = "<group>";
		};
		902C4FE4141FC5EC0033909D /* Supporting Files */ = {
			isa = PBXGroup;
			children = (
				902C4FE5141FC5EC0033909D /* Mail-Info.plist */,
				902C4FE6141FC5EC0033909D /* InfoPlist.strings */,
				902C4FE9141FC5EC0033909D /* main.m */,
				902C4FEB141FC5EC0033909D /* Mail-Prefix.pch */,
			);
			name = "Supporting Files";
			sourceTree = "<group>";
		};
		902C5005141FC5EC0033909D /* MailTests */ = {
			isa = PBXGroup;
			children = (
				902C500B141FC5EC0033909D /* MailTests.h */,
				902C500D141FC5EC0033909D /* MailTests.m */,
				902C5006141FC5EC0033909D /* Supporting Files */,
			);
			path = MailTests;
			sourceTree = "<group>";
		};
		902C5006141FC5EC0033909D /* Supporting Files */ = {
			isa = PBXGroup;
			children = (
				902C5007141FC5EC0033909D /* MailTests-Info.plist */,
				902C5008141FC5EC0033909D /* InfoPlist.strings */,
			);
			name = "Supporting Files";
			sourceTree = "<group>";
		};
/* End PBXGroup section */

/* Begin PBXNativeTarget section */
		902C4FD8141FC5EC0033909D /* Mail */ = {
			isa = PBXNativeTarget;
			buildConfigurationList = 902C5011141FC5EC0033909D /* Build configuration list for PBXNativeTarget "Mail" */;
			buildPhases = (
				902C4FD5141FC5EC0033909D /* Sources */,
				902C4FD6141FC5EC0033909D /* Frameworks */,
				902C4FD7141FC5EC0033909D /* Resources */,
			);
			buildRules = (
			);
			dependencies = (
			);
			name = Mail;
			productName = Mail;
			productReference = 902C4FD9141FC5EC0033909D /* Mail.app */;
			productType = "com.apple.product-type.application";
		};
		902C4FFC141FC5EC0033909D /* MailTests */ = {
			isa = PBXNativeTarget;
			buildConfigurationList = 902C5014141FC5EC0033909D /* Build configuration list for PBXNativeTarget "MailTests" */;
			buildPhases = (
				902C4FF8141FC5EC0033909D /* Sources */,
				902C4FF9141FC5EC0033909D /* Frameworks */,
				902C4FFA141FC5EC0033909D /* Resources */,
				902C4FFB141FC5EC0033909D /* ShellScript */,
			);
			buildRules = (
			);
			dependencies = (
				902C5004141FC5EC0033909D /* PBXTargetDependency */,
			);
			name = MailTests;
			productName = MailTests;
			productReference = 902C4FFD141FC5EC0033909D /* MailTests.octest */;
			productType = "com.apple.product-type.bundle";
		};
/* End PBXNativeTarget section */

/* Begin PBXProject section */
		902C4FD0141FC5EB0033909D /* Project object */ = {
			isa = PBXProject;
			buildConfigurationList = 902C4FD3141FC5EB0033909D /* Build configuration list for PBXProject "Mail" */;
			compatibilityVersion = "Xcode 3.2";
			developmentRegion = English;
			hasScannedForEncodings = 0;
			knownRegions = (
				en,
			);
			mainGroup = 902C4FCE141FC5EB0033909D;
			productRefGroup = 902C4FDA141FC5EC0033909D /* Products */;
			projectDirPath = "";
			projectRoot = "";
			targets = (
				902C4FD8141FC5EC0033909D /* Mail */,
				902C4FFC141FC5EC0033909D /* MailTests */,
			);
		};
/* End PBXProject section */

/* Begin PBXResourcesBuildPhase section */
		902C4FD7141FC5EC0033909D /* Resources */ = {
			isa = PBXResourcesBuildPhase;
			buildActionMask = 2147483647;
			files = (
				902C4FE8141FC5EC0033909D /* InfoPlist.strings in Resources */,
				902C4FF1141FC5EC0033909D /* MainWindow.xib in Resources */,
				902C4FF7141FC5EC0033909D /* MailViewController.xib in Resources */,
			);
			runOnlyForDeploymentPostprocessing = 0;
		};
		902C4FFA141FC5EC0033909D /* Resources */ = {
			isa = PBXResourcesBuildPhase;
			buildActionMask = 2147483647;
			files = (
				902C500A141FC5EC0033909D /* InfoPlist.strings in Resources */,
				902C500C141FC5EC0033909D /* MailTests.h in Resources */,
			);
			runOnlyForDeploymentPostprocessing = 0;
		};
/* End PBXResourcesBuildPhase section */

/* Begin PBXShellScriptBuildPhase section */
		902C4FFB141FC5EC0033909D /* ShellScript */ = {
			isa = PBXShellScriptBuildPhase;
			buildActionMask = 2147483647;
			files = (
			);
			inputPaths = (
			);
			outputPaths = (
			);
			runOnlyForDeploymentPostprocessing = 0;
			shellPath = /bin/sh;
			shellScript = "# Run the unit tests in this test bundle.\n\"${SYSTEM_DEVELOPER_DIR}/Tools/RunUnitTests\"\n";
		};
/* End PBXShellScriptBuildPhase section */

/* Begin PBXSourcesBuildPhase section */
		902C4FD5141FC5EC0033909D /* Sources */ = {
			isa = PBXSourcesBuildPhase;
			buildActionMask = 2147483647;
			files = (
				902C4FEA141FC5EC0033909D /* main.m in Sources */,
				902C4FEE141FC5EC0033909D /* MailAppDelegate.m in Sources */,
				902C4FF4141FC5EC0033909D /* MailViewController.m in Sources */,
			);
			runOnlyForDeploymentPostprocessing = 0;
		};
		902C4FF8141FC5EC0033909D /* Sources */ = {
			isa = PBXSourcesBuildPhase;
			buildActionMask = 2147483647;
			files = (
				902C500E141FC5EC0033909D /* MailTests.m in Sources */,
			);
			runOnlyForDeploymentPostprocessing = 0;
		};
/* End PBXSourcesBuildPhase section */

/* Begin PBXTargetDependency section */
		902C5004141FC5EC0033909D /* PBXTargetDependency */ = {
			isa = PBXTargetDependency;
			target = 902C4FD8141FC5EC0033909D /* Mail */;
			targetProxy = 902C5003141FC5EC0033909D /* PBXContainerItemProxy */;
		};
/* End PBXTargetDependency section */

/* Begin PBXVariantGroup section */
		902C4FE6141FC5EC0033909D /* InfoPlist.strings */ = {
			isa = PBXVariantGroup;
			children = (
				902C4FE7141FC5EC0033909D /* en */,
			);
			name = InfoPlist.strings;
			sourceTree = "<group>";
		};
		902C4FEF141FC5EC0033909D /* MainWindow.xib */ = {
			isa = PBXVariantGroup;
			children = (
				902C4FF0141FC5EC0033909D /* en */,
			);
			name = MainWindow.xib;
			sourceTree = "<group>";
		};
		902C4FF5141FC5EC0033909D /* MailViewController.xib */ = {
			isa = PBXVariantGroup;
			children = (
				902C4FF6141FC5EC0033909D /* en */,
			);
			name = MailViewController.xib;
			sourceTree = "<group>";
		};
		902C5008141FC5EC0033909D /* InfoPlist.strings */ = {
			isa = PBXVariantGroup;
			children = (
				902C5009141FC5EC0033909D /* en */,
			);
			name = InfoPlist.strings;
			sourceTree = "<group>";
		};
/* End PBXVariantGroup section */

/* Begin XCBuildConfiguration section */
		902C500F141FC5EC0033909D /* Debug */ = {
			isa = XCBuildConfiguration;
			buildSettings = {
				ALWAYS_SEARCH_USER_PATHS = NO;
				ARCHS = "$(ARCHS_STANDARD_32_BIT)";
				"CODE_SIGN_IDENTITY[sdk=iphoneos*]" = "iPhone Developer";
				COPY_PHASE_STRIP = NO;
				GCC_C_LANGUAGE_STANDARD = gnu99;
				GCC_DYNAMIC_NO_PIC = NO;
				GCC_OPTIMIZATION_LEVEL = 0;
				GCC_PREPROCESSOR_DEFINITIONS = (
					"DEBUG=1",
					"$(inherited)",
				);
				GCC_SYMBOLS_PRIVATE_EXTERN = NO;
				GCC_VERSION = com.apple.compilers.llvmgcc42;
				GCC_WARN_ABOUT_MISSING_PROTOTYPES = YES;
				GCC_WARN_ABOUT_RETURN_TYPE = YES;
				GCC_WARN_UNUSED_VARIABLE = YES;
				IPHONEOS_DEPLOYMENT_TARGET = 4.3;
				SDKROOT = iphoneos;
			};
			name = Debug;
		};
		902C5010141FC5EC0033909D /* Release */ = {
			isa = XCBuildConfiguration;
			buildSettings = {
				ALWAYS_SEARCH_USER_PATHS = NO;
				ARCHS = "$(ARCHS_STANDARD_32_BIT)";
				"CODE_SIGN_IDENTITY[sdk=iphoneos*]" = "iPhone Developer";
				COPY_PHASE_STRIP = YES;
				GCC_C_LANGUAGE_STANDARD = gnu99;
				GCC_VERSION = com.apple.compilers.llvmgcc42;
				GCC_WARN_ABOUT_MISSING_PROTOTYPES = YES;
				GCC_WARN_ABOUT_RETURN_TYPE = YES;
				GCC_WARN_UNUSED_VARIABLE = YES;
				IPHONEOS_DEPLOYMENT_TARGET = 4.3;
				OTHER_CFLAGS = "-DNS_BLOCK_ASSERTIONS=1";
				SDKROOT = iphoneos;
				VALIDATE_PRODUCT = YES;
			};
			name = Release;
		};
		902C5012141FC5EC0033909D /* Debug */ = {
			isa = XCBuildConfiguration;
			buildSettings = {
				GCC_PRECOMPILE_PREFIX_HEADER = YES;
				GCC_PREFIX_HEADER = "Mail/Mail-Prefix.pch";
				INFOPLIST_FILE = "Mail/Mail-Info.plist";
				PRODUCT_NAME = "$(TARGET_NAME)";
				WRAPPER_EXTENSION = app;
			};
			name = Debug;
		};
		902C5013141FC5EC0033909D /* Release */ = {
			isa = XCBuildConfiguration;
			buildSettings = {
				GCC_PRECOMPILE_PREFIX_HEADER = YES;
				GCC_PREFIX_HEADER = "Mail/Mail-Prefix.pch";
				INFOPLIST_FILE = "Mail/Mail-Info.plist";
				PRODUCT_NAME = "$(TARGET_NAME)";
				WRAPPER_EXTENSION = app;
			};
			name = Release;
		};
		902C5015141FC5EC0033909D /* Debug */ = {
			isa = XCBuildConfiguration;
			buildSettings = {
				BUNDLE_LOADER = "$(BUILT_PRODUCTS_DIR)/Mail.app/Mail";
				FRAMEWORK_SEARCH_PATHS = (
					"$(SDKROOT)/Developer/Library/Frameworks",
					"$(DEVELOPER_LIBRARY_DIR)/Frameworks",
				);
				GCC_PRECOMPILE_PREFIX_HEADER = YES;
				GCC_PREFIX_HEADER = "Mail/Mail-Prefix.pch";
				INFOPLIST_FILE = "MailTests/MailTests-Info.plist";
				PRODUCT_NAME = "$(TARGET_NAME)";
				TEST_HOST = "$(BUNDLE_LOADER)";
				WRAPPER_EXTENSION = octest;
			};
			name = Debug;
		};
		902C5016141FC5EC0033909D /* Release */ = {
			isa = XCBuildConfiguration;
			buildSettings = {
				BUNDLE_LOADER = "$(BUILT_PRODUCTS_DIR)/Mail.app/Mail";
				FRAMEWORK_SEARCH_PATHS = (
					"$(SDKROOT)/Developer/Library/Frameworks",
					"$(DEVELOPER_LIBRARY_DIR)/Frameworks",
				);
				GCC_PRECOMPILE_PREFIX_HEADER = YES;
				GCC_PREFIX_HEADER = "Mail/Mail-Prefix.pch";
				INFOPLIST_FILE = "MailTests/MailTests-Info.plist";
				PRODUCT_NAME = "$(TARGET_NAME)";
				TEST_HOST = "$(BUNDLE_LOADER)";
				WRAPPER_EXTENSION = octest;
			};
			name = Release;
		};
/* End XCBuildConfiguration section */

/* Begin XCConfigurationList section */
		902C4FD3141FC5EB0033909D /* Build configuration list for PBXProject "Mail" */ = {
			isa = XCConfigurationList;
			buildConfigurations = (
				902C500F141FC5EC0033909D /* Debug */,
				902C5010141FC5EC0033909D /* Release */,
			);
			defaultConfigurationIsVisible = 0;
			defaultConfigurationName = Release;
		};
		902C5011141FC5EC0033909D /* Build configuration list for PBXNativeTarget "Mail" */ = {
			isa = XCConfigurationList;
			buildConfigurations = (
				902C5012141FC5EC0033909D /* Debug */,
				902C5013141FC5EC0033909D /* Release */,
			);
			defaultConfigurationIsVisible = 0;
		};
		902C5014141FC5EC0033909D /* Build configuration list for PBXNativeTarget "MailTests" */ = {
			isa = XCConfigurationList;
			buildConfigurations = (
				902C5015141FC5EC0033909D /* Debug */,
				902C5016141FC5EC0033909D /* Release */,
			);
			defaultConfigurationIsVisible = 0;
		};
/* End XCConfigurationList section */
	};
	rootObject = 902C4FD0141FC5EB0033909D /* Project object */;
}
